
Microsoft Visual Studio Solution File, Format Version 12.00
# Visual Studio Version 16
VisualStudioVersion = 16.0.30503.244
MinimumVisualStudioVersion = 10.0.40219.1
Project("{FAE04EC0-301F-11D3-BF4B-00C04F79EFBC}") = "NumGuess", "NumGuess\NumGuess.csproj", "{F9F14212-F801-48B0-819D-A29E18674D37}"
EndProject
Global
	GlobalSection(SolutionConfigurationPlatforms) = preSolution
		Debug|Any CPU = Debug|Any CPU
		Release|Any CPU = Release|Any CPU
	EndGlobalSection
	GlobalSection(ProjectConfigurationPlatforms) = postSolution
		{F9F14212-F801-48B0-819D-A29E18674D37}.Debug|Any CPU.ActiveCfg = Debug|Any CPU
		{F9F14212-F801-48B0-819D-A29E18674D37}.Debug|Any CPU.Build.0 = Debug|Any CPU
		{F9F14212-F801-48B0-819D-A29E18674D37}.Release|Any CPU.ActiveCfg = Release|Any CPU
		{F9F14212-F801-48B0-819D-A29E18674D37}.Release|Any CPU.Build.0 = Release|Any CPU
	EndGlobalSection
	GlobalSection(SolutionProperties) = preSolution
		HideSolutionNode = FALSE
	EndGlobalSection
	GlobalSection(ExtensibilityGlobals) = postSolution
		SolutionGuid = {F2D3FBDA-946D-4F76-BED7-5397BAD2DBA1}
	EndGlobalSection
EndGlobal
